version: 7
platforms:
- name: linux-64
  virtual-packages:
  - __unix=0=0
  - __linux=4.18
  - __glibc=2.28
  - __archspec=0=x86_64
- name: osx-64
  virtual-packages:
  - __unix=0=0
  - __osx=13.0
  - __archspec=0=x86_64
- name: osx-arm64
  virtual-packages:
  - __unix=0=0
  - __osx=13.0
  - __archspec=0=m1
- name: win-64
  virtual-packages:
  - __win=10.0
  - __archspec=0=x86_64
environments:
  default:
    channels:
    - url: https://repo.prefix.dev/brads-forge/
    - url: https://conda.anaconda.org/conda-forge/
    packages:
      linux-64:
      - conda: https://conda.anaconda.org/conda-forge/linux-64/_openmp_mutex-4.5-20_gnu.conda
      - conda: https://conda.anaconda.org/conda-forge/linux-64/libgcc-15.2.0-he0feb66_19.conda
      - conda: https://conda.anaconda.org/conda-forge/linux-64/libgcc-ng-15.2.0-h69a702a_19.conda
      - conda: https://conda.anaconda.org/conda-forge/linux-64/libgomp-15.2.0-he0feb66_19.conda
      - conda: https://conda.anaconda.org/conda-forge/linux-64/libstdcxx-15.2.0-h934c35e_19.conda
      - conda: https://conda.anaconda.org/conda-forge/linux-64/libstdcxx-ng-15.2.0-hdf11a46_19.conda
      - conda: https://conda.anaconda.org/conda-forge/linux-64/openssl-3.6.3-h35e630c_0.conda
      - conda: https://conda.anaconda.org/conda-forge/linux-64/patchelf-0.17.2-h58526e2_0.conda
      - conda: https://conda.anaconda.org/conda-forge/linux-64/rattler-build-0.67.0-ha759004_0.conda
      - conda: https://conda.anaconda.org/conda-forge/noarch/ca-certificates-2026.5.20-hbd8a1cb_0.conda
      - conda: https://repo.prefix.dev/brads-forge/linux-64/cocogitto-7.0.0-h81b34b9_2.conda
      - conda: https://repo.prefix.dev/brads-forge/linux-64/deno-2.9.0-h81b34b9_4.conda
      - conda: https://repo.prefix.dev/brads-forge/linux-64/dprint-0.55.0-h81b34b9_2.conda
      - conda: https://repo.prefix.dev/brads-forge/linux-64/lefthook-2.1.9-h81b34b9_2.conda
      - conda: https://repo.prefix.dev/brads-forge/linux-64/task-3.51.1-h81b34b9_2.conda
      - conda: https://repo.prefix.dev/brads-forge/linux-64/xcaffold-0.15.0-h81b34b9_0.conda
      osx-64:
      - conda: https://conda.anaconda.org/conda-forge/osx-64/libcxx-22.1.7-h19cb2f5_0.conda
      - conda: https://conda.anaconda.org/conda-forge/osx-64/rattler-build-0.67.0-h6193a51_0.conda
      - conda: https://repo.prefix.dev/brads-forge/osx-64/cocogitto-7.0.0-he0f4bc8_2.conda
      - conda: https://repo.prefix.dev/brads-forge/osx-64/deno-2.9.0-he0f4bc8_4.conda
      - conda: https://repo.prefix.dev/brads-forge/osx-64/dprint-0.55.0-he0f4bc8_2.conda
      - conda: https://repo.prefix.dev/brads-forge/osx-64/lefthook-2.1.9-he0f4bc8_2.conda
      - conda: https://repo.prefix.dev/brads-forge/osx-64/task-3.51.1-he0f4bc8_2.conda
      - conda: https://repo.prefix.dev/brads-forge/osx-64/xcaffold-0.15.0-he0f4bc8_0.conda
      osx-arm64:
      - conda: https://conda.anaconda.org/conda-forge/osx-arm64/libcxx-22.1.7-h55c6f16_0.conda
      - conda: https://conda.anaconda.org/conda-forge/osx-arm64/rattler-build-0.67.0-h20b3172_0.conda
      - conda: https://repo.prefix.dev/brads-forge/osx-arm64/cocogitto-7.0.0-he8ea13f_2.conda
      - conda: https://repo.prefix.dev/brads-forge/osx-arm64/deno-2.9.0-he8ea13f_4.conda
      - conda: https://repo.prefix.dev/brads-forge/osx-arm64/dprint-0.55.0-he8ea13f_2.conda
      - conda: https://repo.prefix.dev/brads-forge/osx-arm64/lefthook-2.1.9-he8ea13f_2.conda
      - conda: https://repo.prefix.dev/brads-forge/osx-arm64/task-3.51.1-he8ea13f_2.conda
      - conda: https://repo.prefix.dev/brads-forge/osx-arm64/xcaffold-0.15.0-he8ea13f_0.conda
      win-64:
      - conda: https://conda.anaconda.org/conda-forge/win-64/rattler-build-0.67.0-he94b42d_0.conda
      - conda: https://conda.anaconda.org/conda-forge/win-64/ucrt-10.0.26100.0-h57928b3_0.conda
      - conda: https://conda.anaconda.org/conda-forge/win-64/vc-14.5-h1b7c187_38.conda
      - conda: https://conda.anaconda.org/conda-forge/win-64/vc14_runtime-14.51.36231-h1b9f54f_38.conda
      - conda: https://conda.anaconda.org/conda-forge/win-64/vcomp14-14.51.36231-h1b9f54f_38.conda
      - conda: https://repo.prefix.dev/brads-forge/win-64/cocogitto-7.0.0-h3c70cbc_2.conda
      - conda: https://repo.prefix.dev/brads-forge/win-64/deno-2.9.0-h3c70cbc_4.conda
      - conda: https://repo.prefix.dev/brads-forge/win-64/dprint-0.54.0-h3c70cbc_2.conda
      - conda: https://repo.prefix.dev/brads-forge/win-64/lefthook-2.1.9-h3c70cbc_2.conda
      - conda: https://repo.prefix.dev/brads-forge/win-64/task-3.51.1-h3c70cbc_2.conda
      - conda: https://repo.prefix.dev/brads-forge/win-64/xcaffold-0.15.0-h3c70cbc_0.conda
packages:
- conda: https://conda.anaconda.org/conda-forge/linux-64/_openmp_mutex-4.5-20_gnu.conda
  build_number: 20
  sha256: 1dd3fffd892081df9726d7eb7e0dea6198962ba775bd88842135a4ddb4deb3c9
  md5: a9f577daf3de00bca7c3c76c0ecbd1de
  depends:
  - __glibc >=2.17,<3.0.a0
  - libgomp >=7.5.0
  constrains:
  - openmp_impl <0.0a0
  license: BSD-3-Clause
  license_family: BSD
  size: 28948
  timestamp: 1770939786096
- conda: https://conda.anaconda.org/conda-forge/linux-64/libgcc-15.2.0-he0feb66_19.conda
  sha256: 8e0a3b5e41272e5678499b5dfc4cddb673f9e935de01eb0767ce857001229f46
  md5: 57736f29cc2b0ec0b6c2952d3f101b6a
  depends:
  - __glibc >=2.17,<3.0.a0
  - _openmp_mutex >=4.5
  constrains:
  - libgcc-ng ==15.2.0=*_19
  - libgomp 15.2.0 he0feb66_19
  license: GPL-3.0-only WITH GCC-exception-3.1
  license_family: GPL
  size: 1041084
  timestamp: 1778269013026
- conda: https://conda.anaconda.org/conda-forge/linux-64/libgcc-ng-15.2.0-h69a702a_19.conda
  sha256: 9dcf54adfaa5e861123c2da4f2f0451a685464ea7e5a41ad91cf67b31d658d98
  md5: 331ee9b72b9dff570d56b1302c5ab37d
  depends:
  - libgcc 15.2.0 he0feb66_19
  license: GPL-3.0-only WITH GCC-exception-3.1
  license_family: GPL
  size: 27694
  timestamp: 1778269016987
- conda: https://conda.anaconda.org/conda-forge/linux-64/libgomp-15.2.0-he0feb66_19.conda
  sha256: 5abe4ab9d93f6c9757d654f1969ae2267d4505315c1f2f8fe705fd60af084f1b
  md5: faac990cb7aedc7f3a2224f2c9b0c26c
  depends:
  - __glibc >=2.17,<3.0.a0
  license: GPL-3.0-only WITH GCC-exception-3.1
  license_family: GPL
  size: 603817
  timestamp: 1778268942614
- conda: https://conda.anaconda.org/conda-forge/linux-64/libstdcxx-15.2.0-h934c35e_19.conda
  sha256: dff1058c76ec6b8759e41cefa2508162d00e4a5e6721aa68ec3fd10094e702dc
  md5: 5794b3bdc38177caf969dabd3af08549
  depends:
  - __glibc >=2.17,<3.0.a0
  - libgcc 15.2.0 he0feb66_19
  constrains:
  - libstdcxx-ng ==15.2.0=*_19
  license: GPL-3.0-only WITH GCC-exception-3.1
  license_family: GPL
  size: 5852044
  timestamp: 1778269036376
- conda: https://conda.anaconda.org/conda-forge/linux-64/libstdcxx-ng-15.2.0-hdf11a46_19.conda
  sha256: 0672b6b6e1791c92e8eccad58081a99d614fcf82bca5841f9dfa3c3e658f83b9
  md5: e5ce228e579726c07255dbf90dc62101
  depends:
  - libstdcxx 15.2.0 h934c35e_19
  license: GPL-3.0-only WITH GCC-exception-3.1
  license_family: GPL
  size: 27776
  timestamp: 1778269074600
- conda: https://conda.anaconda.org/conda-forge/linux-64/openssl-3.6.3-h35e630c_0.conda
  sha256: d48f5c22b9897c01e4dff3680f1f57ceb02711ab9c62f74339b080419dfad34b
  md5: 79dd2074b5cd5c5c6b2930514a11e22d
  depends:
  - __glibc >=2.17,<3.0.a0
  - ca-certificates
  - libgcc >=14
  license: Apache-2.0
  license_family: Apache
  size: 3159683
  timestamp: 1781069855778
- conda: https://conda.anaconda.org/conda-forge/linux-64/patchelf-0.17.2-h58526e2_0.conda
  sha256: eb355ac225be2f698e19dba4dcab7cb0748225677a9799e9cc8e4cadc3cb738f
  md5: ba76a6a448819560b5f8b08a9c74f415
  depends:
  - libgcc-ng >=7.5.0
  - libstdcxx-ng >=7.5.0
  license: GPL-3.0-or-later
  license_family: GPL
  size: 94048
  timestamp: 1673473024463
- conda: https://conda.anaconda.org/conda-forge/linux-64/rattler-build-0.67.0-ha759004_0.conda
  sha256: bc0a551dc160ab19b8e45b289896e8330cd5a2e63cd3dfee066f5f16fbd9437f
  md5: 44b2514c25c7b81116b367db90128a38
  depends:
  - patchelf
  - libgcc >=14
  - __glibc >=2.17,<3.0.a0
  - libstdcxx >=14
  - openssl >=3.5.7,<4.0a0
  constrains:
  - __glibc >=2.17
  license: BSD-3-Clause
  license_family: BSD
  run_exports: {}
  size: 19415053
  timestamp: 1782150852619
- conda: https://conda.anaconda.org/conda-forge/noarch/ca-certificates-2026.5.20-hbd8a1cb_0.conda
  sha256: 9812a303a1395e1dafbd92e5bc8a1ff6013bcbba0a09c7f03a8d23e43560aa9b
  md5: 489b8e97e666c93f68fdb35c3c9b957f
  depends:
  - __unix
  license: ISC
  size: 129868
  timestamp: 1779289852439
- conda: https://conda.anaconda.org/conda-forge/osx-64/libcxx-22.1.7-h19cb2f5_0.conda
  sha256: c03c298355dea54b729ed6c5f1e6dbd0e2426906039eba8aa2ba1254d005b7d8
  md5: 423373b842c3861da6cfa8c8915798ce
  depends:
  - __osx >=11.0
  license: Apache-2.0 WITH LLVM-exception
  license_family: Apache
  size: 564939
  timestamp: 1780442565078
- conda: https://conda.anaconda.org/conda-forge/osx-64/rattler-build-0.67.0-h6193a51_0.conda
  sha256: 3294e67bce682ec826d55028c4342e876fe794c8b0a64d9552477118b272eb65
  md5: 099fbdb2bcca4a2517ab79dcc124957a
  depends:
  - __osx >=11.0
  - libcxx >=19
  constrains:
  - __osx >=11.0
  license: BSD-3-Clause
  license_family: BSD
  run_exports: {}
  size: 19124974
  timestamp: 1782150950334
- conda: https://conda.anaconda.org/conda-forge/osx-arm64/libcxx-22.1.7-h55c6f16_0.conda
  sha256: cceb668dc1b71f054b1036dd83eca2e02c0c3a4b2ba3ad28c74a982d819597a3
  md5: 0325fbe13eb6dd39234eb305ac1b3cb8
  depends:
  - __osx >=11.0
  license: Apache-2.0 WITH LLVM-exception
  license_family: Apache
  size: 568252
  timestamp: 1780441702930
- conda: https://conda.anaconda.org/conda-forge/osx-arm64/rattler-build-0.67.0-h20b3172_0.conda
  sha256: 61425a531cee651a7583c9fe1e8961d0eed483f72c4a01a2e248816452dcbee3
  md5: 4110e4931d5ad742288235688c786ad7
  depends:
  - __osx >=11.0
  - libcxx >=19
  constrains:
  - __osx >=11.0
  license: BSD-3-Clause
  license_family: BSD
  run_exports: {}
  size: 17366355
  timestamp: 1782150862478
- conda: https://conda.anaconda.org/conda-forge/win-64/rattler-build-0.67.0-he94b42d_0.conda
  sha256: d444b237181df08ff14d6b40101832cb1aabb4e88ed73633a58ee70318ab802a
  md5: 93bf7de134af404e183be6089766060a
  depends:
  - vc >=14.3,<15
  - vc14_runtime >=14.44.35208
  - ucrt >=10.0.20348.0
  license: BSD-3-Clause
  license_family: BSD
  run_exports: {}
  size: 19876803
  timestamp: 1782150883801
- conda: https://conda.anaconda.org/conda-forge/win-64/ucrt-10.0.26100.0-h57928b3_0.conda
  sha256: 3005729dce6f3d3f5ec91dfc49fc75a0095f9cd23bab49efb899657297ac91a5
  md5: 71b24316859acd00bdb8b38f5e2ce328
  constrains:
  - vc14_runtime >=14.29.30037
  - vs2015_runtime >=14.29.30037
  license: LicenseRef-MicrosoftWindowsSDK10
  size: 694692
  timestamp: 1756385147981
- conda: https://conda.anaconda.org/conda-forge/win-64/vc-14.5-h1b7c187_38.conda
  sha256: 61b68e5a4fc71a17f8d64b12e013a2f971ad980bd08e9c389d5e68efe1a67de0
  md5: 774568633f3b26d7a4a6dd4f9ea6d3e1
  depends:
  - vc14_runtime >=14.51.36231
  track_features:
  - vc14
  license: BSD-3-Clause
  license_family: BSD
  size: 20187
  timestamp: 1780005880049
- conda: https://conda.anaconda.org/conda-forge/win-64/vc14_runtime-14.51.36231-h1b9f54f_38.conda
  sha256: 957c7c65583c7107a5e76f39756c6361fcb7b0dc101ac7c0aea86e7ca09fe49c
  md5: 2cdcd8ea1010920911bb2eacb4c61227
  depends:
  - ucrt >=10.0.20348.0
  - vcomp14 14.51.36231 h1b9f54f_38
  constrains:
  - vs2015_runtime 14.51.36231.* *_38
  license: LicenseRef-MicrosoftVisualCpp2015-2022Runtime
  license_family: Proprietary
  size: 740997
  timestamp: 1780005875753
- conda: https://conda.anaconda.org/conda-forge/win-64/vcomp14-14.51.36231-h1b9f54f_38.conda
  sha256: c645fdc1f0f47718431d973386e946754a10200e7ba2c32032560913a970cacd
  md5: 63ee70d69d7540e821940dac5d4d9ba2
  depends:
  - ucrt >=10.0.20348.0
  constrains:
  - vs2015_runtime 14.51.36231.* *_38
  license: LicenseRef-MicrosoftVisualCpp2015-2022Runtime
  license_family: Proprietary
  size: 123561
  timestamp: 1780005858779
- conda: https://repo.prefix.dev/brads-forge/linux-64/cocogitto-7.0.0-h81b34b9_2.conda
  sha256: 655817874d6f83db50bd4ca60f0127f792128deb3c97404035b1751871fa1e59
  md5: 64f73ed4a83d54f435039540c7c8f5dc
  license: MIT
  run_exports: {}
  size: 3154632
  timestamp: 1772686964029
- conda: https://repo.prefix.dev/brads-forge/linux-64/deno-2.9.0-h81b34b9_4.conda
  sha256: 3861c1e02f47a8413119ce99cc566720f5aa2083e879c35bbdd94ccc5ded4310
  md5: cbcda109e10e3572611144f277438d44
  license: MIT
  run_exports: {}
  size: 38203447
  timestamp: 1782449739296
- conda: https://repo.prefix.dev/brads-forge/linux-64/dprint-0.55.0-h81b34b9_2.conda
  sha256: 5fa4d3df687af1d5643d6b0042f4717c0b93410613b890233d55e8c43f474efc
  md5: d68ec893d8103248f18c216449efa099
  license: MIT
  run_exports: {}
  size: 8924455
  timestamp: 1782622938887
- conda: https://repo.prefix.dev/brads-forge/linux-64/lefthook-2.1.9-h81b34b9_2.conda
  sha256: e16f910a7f5eabd7412e14ef5df1463529df6baed5dbffb18c9c08da1d249815
  md5: 65cba397a06e37e602b3e5749d4d6f25
  license: MIT
  run_exports: {}
  size: 5692364
  timestamp: 1780116453312
- conda: https://repo.prefix.dev/brads-forge/linux-64/task-3.51.1-h81b34b9_2.conda
  sha256: d120e903977cd556eb6a6ca9beb14afe1c340586ae098fe1d44b602278e1b7d6
  md5: 6c71d97005b7b1fe30b53cee66403f0d
  license: MIT
  run_exports: {}
  size: 13449665
  timestamp: 1778993305989
- conda: https://repo.prefix.dev/brads-forge/linux-64/xcaffold-0.15.0-h81b34b9_0.conda
  sha256: 21f4895d82e5fe204e1d03d4c8beb00006ab2e42fc624398770356a6284343e1
  md5: c42823168eb4799cfa7efc7f89ee4c5d
  license: MIT
  run_exports: {}
  size: 4442421
  timestamp: 1782018794738
- conda: https://repo.prefix.dev/brads-forge/osx-64/cocogitto-7.0.0-he0f4bc8_2.conda
  sha256: 5cff0e3860d8bf02a6abc44f8ab01650aa1d26c3b86f329d14e39c943041b375
  md5: c3422124c032714d79e56a285d002e5b
  license: MIT
  run_exports: {}
  size: 2826981
  timestamp: 1772686811731
- conda: https://repo.prefix.dev/brads-forge/osx-64/deno-2.9.0-he0f4bc8_4.conda
  sha256: 924bc6ed1eac214b9b6bf3545365de3005428cc62a61491b5667d6d6cb79f12b
  md5: 9da50859451202067a4f8a53a19392f6
  license: MIT
  run_exports: {}
  size: 36029406
  timestamp: 1782449791132
- conda: https://repo.prefix.dev/brads-forge/osx-64/dprint-0.55.0-he0f4bc8_2.conda
  sha256: 5e94ca028ee3a998de81c11f6338b0f0d7db22fca780682ab022c3fbaa839b8c
  md5: 11d91c5ca2b641f9ba7d5a9b5393cf86
  license: MIT
  run_exports: {}
  size: 8453631
  timestamp: 1782622874901
- conda: https://repo.prefix.dev/brads-forge/osx-64/lefthook-2.1.9-he0f4bc8_2.conda
  sha256: 183e8e1564262f6abf603db517677dc1dd5687e5137aa8ad5c020dbee01b9a89
  md5: f46314d7c0fea214939d46725320f6fc
  license: MIT
  run_exports: {}
  size: 5821961
  timestamp: 1780116449068
- conda: https://repo.prefix.dev/brads-forge/osx-64/task-3.51.1-he0f4bc8_2.conda
  sha256: afcc9e0102af5b21b4002b6a0dc547981ec1de44bb05987fd279ae2e8e9ba0a6
  md5: dc3bd3f2b347ca3952bb80032144166e
  license: MIT
  run_exports: {}
  size: 13854500
  timestamp: 1778993309451
- conda: https://repo.prefix.dev/brads-forge/osx-64/xcaffold-0.15.0-he0f4bc8_0.conda
  sha256: 26cf98fed28fc2b46dfe9aae226160005eb0a18409877c349d807398e119c9d2
  md5: bb327d3a2dc9ba583f6cc93d556d5f9b
  license: MIT
  run_exports: {}
  size: 4545071
  timestamp: 1782018768140
- conda: https://repo.prefix.dev/brads-forge/osx-arm64/cocogitto-7.0.0-he8ea13f_2.conda
  sha256: fe46dc1cf4c573f0da080fd3b6fedb1717ffc4f15493df4511b9d36847fb8076
  md5: 47fd4dd2974f3c618bc18115b8b56b8c
  license: MIT
  run_exports: {}
  size: 2661881
  timestamp: 1772686800246
- conda: https://repo.prefix.dev/brads-forge/osx-arm64/deno-2.9.0-he8ea13f_4.conda
  sha256: 5924ed23548a273484aa6fc5386f88cdf688e61ef7222d8c24575801f9d02d81
  md5: 8eb762e1fe81b8066eea768cb4197ce3
  license: MIT
  run_exports: {}
  size: 34074935
  timestamp: 1782449776631
- conda: https://repo.prefix.dev/brads-forge/osx-arm64/dprint-0.55.0-he8ea13f_2.conda
  sha256: 2532b0acfd05156addaecbbbb5a34a5770dd9b05957a43e0a303157a36dc7a7d
  md5: fceccb2f22a8cc374967010dd47ae305
  license: MIT
  run_exports: {}
  size: 7843188
  timestamp: 1782622864143
- conda: https://repo.prefix.dev/brads-forge/osx-arm64/lefthook-2.1.9-he8ea13f_2.conda
  sha256: aea4ffa3203e3928194f160ba944932af0987b999ec5d04665e614e69bf1ab79
  md5: d66e475aef89477111e04ee603aac187
  license: MIT
  run_exports: {}
  size: 5347920
  timestamp: 1780116450111
- conda: https://repo.prefix.dev/brads-forge/osx-arm64/task-3.51.1-he8ea13f_2.conda
  sha256: bcc31e79d64333b676b04dd5c4e6579151ba07f0dab12b334e102762501392a8
  md5: aed45add1c61f3226c0b6ad1ad2cbc83
  license: MIT
  run_exports: {}
  size: 12947349
  timestamp: 1778993269477
- conda: https://repo.prefix.dev/brads-forge/osx-arm64/xcaffold-0.15.0-he8ea13f_0.conda
  sha256: 644a7de01dee13652c83ad232b327c67df855708674ef3ff20328afb879f1b46
  md5: e2927a923836272215708aa57f7a2ad1
  license: MIT
  run_exports: {}
  size: 4207436
  timestamp: 1782018754645
- conda: https://repo.prefix.dev/brads-forge/win-64/cocogitto-7.0.0-h3c70cbc_2.conda
  sha256: 92b4e8a352628ff04ff277544b4ec06885f9948442584ce84bc462ebda86a6da
  md5: b26a94c8a3f469cd5481d620ebf6ff81
  license: MIT
  run_exports: {}
  size: 2930608
  timestamp: 1772686802880
- conda: https://repo.prefix.dev/brads-forge/win-64/deno-2.9.0-h3c70cbc_4.conda
  sha256: 6bb628c6565aa5b8f566c831aba9795efcfaa1a391442f518a229abbad0e0d74
  md5: 5d8426db873c9e9733baab4cf572d818
  license: MIT
  run_exports: {}
  size: 36261823
  timestamp: 1782449743746
- conda: https://repo.prefix.dev/brads-forge/win-64/dprint-0.54.0-h3c70cbc_2.conda
  sha256: 91ce3302a55c59dcde42ab400f1c126648046d1453cae9f03a8e4009eb98e332
  md5: b5903d353eb3afef3ff10bb1340cb900
  license: MIT
  run_exports: {}
  size: 7226337
  timestamp: 1775708369682
- conda: https://repo.prefix.dev/brads-forge/win-64/lefthook-2.1.9-h3c70cbc_2.conda
  sha256: 42974e6112645221236d973f24bcc48223fff28375e89f7b96cfb5b504075f6e
  md5: 23624072a2ef6e2f177ba477b4ca67e0
  license: MIT
  run_exports: {}
  size: 5849444
  timestamp: 1780116483626
- conda: https://repo.prefix.dev/brads-forge/win-64/task-3.51.1-h3c70cbc_2.conda
  sha256: f7b67712bb1eec5fc971d68d221d3c2487637edc3e40fb5c6369097aaede5d1a
  md5: b09652244fbfb5e40500bbf77dd05e9c
  license: MIT
  run_exports: {}
  size: 13833869
  timestamp: 1778993296752
- conda: https://repo.prefix.dev/brads-forge/win-64/xcaffold-0.15.0-h3c70cbc_0.conda
  sha256: 02a5e708b5a3ed97d267ed3afafe047ea581e8154970e3d137aace9a3f185514
  md5: 58fc7d024996e58161a2c00cebf53a12
  license: MIT
  run_exports: {}
  size: 4565454
  timestamp: 1782018789288
