version: 6
environments:
  default:
    channels:
    - url: https://repo.prefix.dev/brads-forge/
    - url: https://conda.anaconda.org/conda-forge/
    packages:
      linux-64:
      - conda: https://conda.anaconda.org/conda-forge/linux-64/_libgcc_mutex-0.1-conda_forge.tar.bz2
      - conda: https://conda.anaconda.org/conda-forge/linux-64/_openmp_mutex-4.5-2_gnu.tar.bz2
      - conda: https://conda.anaconda.org/conda-forge/linux-64/ca-certificates-2024.12.14-hbcca054_0.conda
      - conda: https://repo.prefix.dev/brads-forge/linux-64/deno-2.3.7-h81b34b9_2.conda
      - conda: https://repo.prefix.dev/brads-forge/linux-64/dprint-0.50.0-h81b34b9_2.conda
      - conda: https://conda.anaconda.org/conda-forge/linux-64/libgcc-14.2.0-h77fa898_1.conda
      - conda: https://conda.anaconda.org/conda-forge/linux-64/libgcc-ng-14.2.0-h69a702a_1.conda
      - conda: https://conda.anaconda.org/conda-forge/linux-64/libgomp-14.2.0-h77fa898_1.conda
      - conda: https://conda.anaconda.org/conda-forge/linux-64/libstdcxx-14.2.0-hc0a3c3a_1.conda
      - conda: https://conda.anaconda.org/conda-forge/linux-64/libstdcxx-ng-14.2.0-h4852527_1.conda
      - conda: https://conda.anaconda.org/conda-forge/linux-64/openssl-3.5.0-h7b32b05_1.conda
      - conda: https://conda.anaconda.org/conda-forge/linux-64/patchelf-0.17.2-h58526e2_0.conda
      - conda: https://conda.anaconda.org/conda-forge/linux-64/rattler-build-0.44.0-h2d22210_0.conda
      osx-64:
      - conda: https://repo.prefix.dev/brads-forge/osx-64/deno-2.3.7-he0f4bc8_2.conda
      - conda: https://repo.prefix.dev/brads-forge/osx-64/dprint-0.50.0-he0f4bc8_2.conda
      - conda: https://conda.anaconda.org/conda-forge/osx-64/rattler-build-0.44.0-h39668a9_0.conda
      osx-arm64:
      - conda: https://repo.prefix.dev/brads-forge/osx-arm64/deno-2.3.7-he8ea13f_2.conda
      - conda: https://repo.prefix.dev/brads-forge/osx-arm64/dprint-0.50.0-he8ea13f_2.conda
      - conda: https://conda.anaconda.org/conda-forge/osx-arm64/rattler-build-0.44.0-hf783435_0.conda
      win-64:
      - conda: https://repo.prefix.dev/brads-forge/win-64/deno-2.3.7-h3c70cbc_2.conda
      - conda: https://repo.prefix.dev/brads-forge/win-64/dprint-0.50.0-h3c70cbc_2.conda
      - conda: https://conda.anaconda.org/conda-forge/win-64/rattler-build-0.44.0-h18a1a76_0.conda
      - conda: https://conda.anaconda.org/conda-forge/win-64/ucrt-10.0.22621.0-h57928b3_1.conda
      - conda: https://conda.anaconda.org/conda-forge/win-64/vc-14.3-ha32ba9b_23.conda
      - conda: https://conda.anaconda.org/conda-forge/win-64/vc14_runtime-14.44.35208-h818238b_26.conda
packages:
- conda: https://conda.anaconda.org/conda-forge/linux-64/_libgcc_mutex-0.1-conda_forge.tar.bz2
  sha256: fe51de6107f9edc7aa4f786a70f4a883943bc9d39b3bb7307c04c41410990726
  md5: d7c89558ba9fa0495403155b64376d81
  license: None
  size: 2562
  timestamp: 1578324546067
- conda: https://conda.anaconda.org/conda-forge/linux-64/_openmp_mutex-4.5-2_gnu.tar.bz2
  build_number: 16
  sha256: fbe2c5e56a653bebb982eda4876a9178aedfc2b545f25d0ce9c4c0b508253d22
  md5: 73aaf86a425cc6e73fcf236a5a46396d
  depends:
  - _libgcc_mutex 0.1 conda_forge
  - libgomp >=7.5.0
  constrains:
  - openmp_impl 9999
  license: BSD-3-Clause
  license_family: BSD
  size: 23621
  timestamp: 1650670423406
- conda: https://conda.anaconda.org/conda-forge/linux-64/ca-certificates-2024.12.14-hbcca054_0.conda
  sha256: 1afd7274cbc9a334d6d0bc62fa760acc7afdaceb0b91a8df370ec01fd75dc7dd
  md5: 720523eb0d6a9b0f6120c16b2aa4e7de
  license: ISC
  size: 157088
  timestamp: 1734208393264
- conda: https://repo.prefix.dev/brads-forge/linux-64/deno-2.3.7-h81b34b9_2.conda
  sha256: ff9bb807e658266d6a4e8bfaaf7271e21cbda2cd3808d11d3e87ec19fd0b8bc4
  license: MIT
  size: 38041878
  timestamp: 1750824244815
- conda: https://repo.prefix.dev/brads-forge/osx-64/deno-2.3.7-he0f4bc8_2.conda
  sha256: d1a7559ef78eb9af1254b2ac7982148330be51db56952382ba20103966d7e291
  license: MIT
  size: 36485694
  timestamp: 1750824262417
- conda: https://repo.prefix.dev/brads-forge/osx-arm64/deno-2.3.7-he8ea13f_2.conda
  sha256: 8f5e2f2353a92a36958b096aba28d63edc63be4577ec2cc2f5fe40080fd3edc9
  license: MIT
  size: 35071018
  timestamp: 1750824257894
- conda: https://repo.prefix.dev/brads-forge/win-64/deno-2.3.7-h3c70cbc_2.conda
  sha256: de01c72aa4a01a6995c45be551318fd3959e4b4c1597e6dddb5e8dff45da8321
  license: MIT
  size: 39092611
  timestamp: 1750824254436
- conda: https://repo.prefix.dev/brads-forge/linux-64/dprint-0.50.0-h81b34b9_2.conda
  sha256: 1e190b9c9d4489ddb9ab319c0ed68787dc6d6fd616fc8c32a92d6ab0a2709c83
  license: MIT
  size: 7478957
  timestamp: 1747627245933
- conda: https://repo.prefix.dev/brads-forge/osx-64/dprint-0.50.0-he0f4bc8_2.conda
  sha256: 2e5e868f25014a6b487a34f0afa09d688910464e9e74431ee44b626a3fdab38b
  license: MIT
  size: 7044611
  timestamp: 1747627253035
- conda: https://repo.prefix.dev/brads-forge/osx-arm64/dprint-0.50.0-he8ea13f_2.conda
  sha256: b1b951af991344a21d99aea7fd63690ad36e6bf27ced6c46c6fa31f0dcf790df
  license: MIT
  size: 6810142
  timestamp: 1747627242934
- conda: https://repo.prefix.dev/brads-forge/win-64/dprint-0.50.0-h3c70cbc_2.conda
  sha256: 9fedc410301070a2d6cae94e4f21f582929abdc3d15b12d053385eb203df28ab
  license: MIT
  size: 6754285
  timestamp: 1747627251289
- conda: https://conda.anaconda.org/conda-forge/linux-64/libgcc-14.2.0-h77fa898_1.conda
  sha256: 53eb8a79365e58849e7b1a068d31f4f9e718dc938d6f2c03e960345739a03569
  md5: 3cb76c3f10d3bc7f1105b2fc9db984df
  depends:
  - _libgcc_mutex 0.1 conda_forge
  - _openmp_mutex >=4.5
  constrains:
  - libgomp 14.2.0 h77fa898_1
  - libgcc-ng ==14.2.0=*_1
  license: GPL-3.0-only WITH GCC-exception-3.1
  license_family: GPL
  size: 848745
  timestamp: 1729027721139
- conda: https://conda.anaconda.org/conda-forge/linux-64/libgcc-ng-14.2.0-h69a702a_1.conda
  sha256: 3a76969c80e9af8b6e7a55090088bc41da4cffcde9e2c71b17f44d37b7cb87f7
  md5: e39480b9ca41323497b05492a63bc35b
  depends:
  - libgcc 14.2.0 h77fa898_1
  license: GPL-3.0-only WITH GCC-exception-3.1
  license_family: GPL
  size: 54142
  timestamp: 1729027726517
- conda: https://conda.anaconda.org/conda-forge/linux-64/libgomp-14.2.0-h77fa898_1.conda
  sha256: 1911c29975ec99b6b906904040c855772ccb265a1c79d5d75c8ceec4ed89cd63
  md5: cc3573974587f12dda90d96e3e55a702
  depends:
  - _libgcc_mutex 0.1 conda_forge
  license: GPL-3.0-only WITH GCC-exception-3.1
  license_family: GPL
  size: 460992
  timestamp: 1729027639220
- conda: https://conda.anaconda.org/conda-forge/linux-64/libstdcxx-14.2.0-hc0a3c3a_1.conda
  sha256: 4661af0eb9bdcbb5fb33e5d0023b001ad4be828fccdcc56500059d56f9869462
  md5: 234a5554c53625688d51062645337328
  depends:
  - libgcc 14.2.0 h77fa898_1
  license: GPL-3.0-only WITH GCC-exception-3.1
  license_family: GPL
  size: 3893695
  timestamp: 1729027746910
- conda: https://conda.anaconda.org/conda-forge/linux-64/libstdcxx-ng-14.2.0-h4852527_1.conda
  sha256: 25bb30b827d4f6d6f0522cc0579e431695503822f144043b93c50237017fffd8
  md5: 8371ac6457591af2cf6159439c1fd051
  depends:
  - libstdcxx 14.2.0 hc0a3c3a_1
  license: GPL-3.0-only WITH GCC-exception-3.1
  license_family: GPL
  size: 54105
  timestamp: 1729027780628
- conda: https://conda.anaconda.org/conda-forge/linux-64/openssl-3.5.0-h7b32b05_1.conda
  sha256: b4491077c494dbf0b5eaa6d87738c22f2154e9277e5293175ec187634bd808a0
  md5: de356753cfdbffcde5bb1e86e3aa6cd0
  depends:
  - __glibc >=2.17,<3.0.a0
  - ca-certificates
  - libgcc >=13
  license: Apache-2.0
  license_family: Apache
  size: 3117410
  timestamp: 1746223723843
- conda: https://conda.anaconda.org/conda-forge/linux-64/patchelf-0.17.2-h58526e2_0.conda
  sha256: eb355ac225be2f698e19dba4dcab7cb0748225677a9799e9cc8e4cadc3cb738f
  md5: ba76a6a448819560b5f8b08a9c74f415
  depends:
  - libgcc-ng >=7.5.0
  - libstdcxx-ng >=7.5.0
  license: GPL-3.0-or-later
  license_family: GPL
  size: 94048
  timestamp: 1673473024463
- conda: https://conda.anaconda.org/conda-forge/linux-64/rattler-build-0.44.0-h2d22210_0.conda
  sha256: f42b8bcab699f1eb312062cb0c1095066eeb5aabb9117574b3a91d2687ed4474
  md5: fc7102e7482525f017a3cbe2750f35f9
  depends:
  - patchelf
  - __glibc >=2.17,<3.0.a0
  - libgcc >=13
  - openssl >=3.5.0,<4.0a0
  constrains:
  - __glibc >=2.17
  license: BSD-3-Clause
  size: 16357677
  timestamp: 1750800802907
- conda: https://conda.anaconda.org/conda-forge/osx-64/rattler-build-0.44.0-h39668a9_0.conda
  sha256: 48ea4d40bf53db8489f8b2cbfa7d211b952c52f63aebdca07c34022caa6e687f
  md5: a463aa469bb1b8ea8236594646bb4667
  depends:
  - __osx >=10.13
  constrains:
  - __osx >=10.13
  license: BSD-3-Clause
  size: 14756499
  timestamp: 1750800866620
- conda: https://conda.anaconda.org/conda-forge/osx-arm64/rattler-build-0.44.0-hf783435_0.conda
  sha256: 9261c1ed8243ff73a9ae8fb70086e5ee1d348e46885243080ac66b9b233a8c19
  md5: 83eaa51c3ac116c23dc77e96497cdfae
  depends:
  - __osx >=11.0
  constrains:
  - __osx >=11.0
  license: BSD-3-Clause
  size: 13803732
  timestamp: 1750800856755
- conda: https://conda.anaconda.org/conda-forge/win-64/rattler-build-0.44.0-h18a1a76_0.conda
  sha256: 90586fa59a640dfb69c8cd8178dc4922e4ba2e814e835bea45807ec346aa81c4
  md5: 056857dc95ab25a90146912a98051380
  depends:
  - vc >=14.3,<15
  - vc14_runtime >=14.44.35208
  - ucrt >=10.0.20348.0
  - vc >=14.3,<15
  - vc14_runtime >=14.44.35208
  - ucrt >=10.0.20348.0
  license: BSD-3-Clause
  size: 17121562
  timestamp: 1750800855132
- conda: https://conda.anaconda.org/conda-forge/win-64/ucrt-10.0.22621.0-h57928b3_1.conda
  sha256: db8dead3dd30fb1a032737554ce91e2819b43496a0db09927edf01c32b577450
  md5: 6797b005cd0f439c4c5c9ac565783700
  constrains:
  - vs2015_runtime >=14.29.30037
  license: LicenseRef-MicrosoftWindowsSDK10
  size: 559710
  timestamp: 1728377334097
- conda: https://conda.anaconda.org/conda-forge/win-64/vc-14.3-ha32ba9b_23.conda
  sha256: 986ddaf8feec2904eac9535a7ddb7acda1a1dfb9482088fdb8129f1595181663
  md5: 7c10ec3158d1eb4ddff7007c9101adb0
  depends:
  - vc14_runtime >=14.38.33135
  track_features:
  - vc14
  license: BSD-3-Clause
  license_family: BSD
  size: 17479
  timestamp: 1731710827215
- conda: https://conda.anaconda.org/conda-forge/win-64/vc14_runtime-14.44.35208-h818238b_26.conda
  sha256: 7bad6e25a7c836d99011aee59dcf600b7f849a6fa5caa05a406255527e80a703
  md5: 14d65350d3f5c8ff163dc4f76d6e2830
  depends:
  - ucrt >=10.0.20348.0
  constrains:
  - vs2015_runtime 14.44.35208.* *_26
  license: LicenseRef-MicrosoftVisualCpp2015-2022Runtime
  license_family: Proprietary
  size: 756109
  timestamp: 1750371459116
